
Microsoft Visual Studio Solution File, Format Version 12.00
# Visual Studio Version 17
VisualStudioVersion = 17.11.35303.130
MinimumVisualStudioVersion = 10.0.40219.1
Project("{FAE04EC0-301F-11D3-BF4B-00C04F79EFBC}") = "Evaluacion2", "Evaluacion2\Evaluacion2.csproj", "{8C7EF202-1242-4C77-BB08-4DE852EB2E8C}"
EndProject
Global
	GlobalSection(SolutionConfigurationPlatforms) = preSolution
		Debug|Any CPU = Debug|Any CPU
		Release|Any CPU = Release|Any CPU
	EndGlobalSection
	GlobalSection(ProjectConfigurationPlatforms) = postSolution
		{8C7EF202-1242-4C77-BB08-4DE852EB2E8C}.Debug|Any CPU.ActiveCfg = Debug|Any CPU
		{8C7EF202-1242-4C77-BB08-4DE852EB2E8C}.Debug|Any CPU.Build.0 = Debug|Any CPU
		{8C7EF202-1242-4C77-BB08-4DE852EB2E8C}.Release|Any CPU.ActiveCfg = Release|Any CPU
		{8C7EF202-1242-4C77-BB08-4DE852EB2E8C}.Release|Any CPU.Build.0 = Release|Any CPU
	EndGlobalSection
	GlobalSection(SolutionProperties) = preSolution
		HideSolutionNode = FALSE
	EndGlobalSection
	GlobalSection(ExtensibilityGlobals) = postSolution
		SolutionGuid = {97D3D5CB-A90D-4253-A639-A63C32BA7310}
	EndGlobalSection
EndGlobal
